
Microsoft Visual Studio Solution File, Format Version 12.00
# Visual Studio Version 16
VisualStudioVersion = 16.0.28407.52
MinimumVisualStudioVersion = 10.0.40219.1
Project("{9A19103F-16F7-4668-BE54-9A1E7A4F7556}") = "ContosoExpenses", "ContosoExpenses\ContosoExpenses.csproj", "{A3E7CBAC-2DFE-463B-B7F9-0B6477EA7A37}"
EndProject
Project("{9A19103F-16F7-4668-BE54-9A1E7A4F7556}") = "ContosoExpenses.Data", "ContosoExpenses.Data\ContosoExpenses.Data.csproj", "{17D17C72-3B34-4AB4-8B77-CB39B2889445}"
EndProject
Project("{C7167F0D-BC9F-4E6E-AFE1-012C56B48DB5}") = "ContosoExpenses.Package", "ContosoExpenses.Package\ContosoExpenses.Package.wapproj", "{B49C1E9A-C799-4336-9076-F02A1E9E36DB}"
EndProject
Project("{2150E333-8FDC-42A3-9474-1A3956D46DE8}") = "React Native", "React Native", "{EB1E6423-0875-4B44-A113-E0FA545E799D}"
EndProject
Project("{FAE04EC0-301F-11D3-BF4B-00C04F79EFBC}") = "TodosFeed.Component", "..\TodosFeed\windows\TodosFeed.Component\TodosFeed.Component.csproj", "{6BE33799-9542-44D3-A034-F023F5B2CAD4}"
EndProject
Project("{8BC9CEB8-8B4A-11D0-8D11-00A0C91BC942}") = "Folly", "..\TodosFeed\node_modules\react-native-windows\Folly\Folly.vcxproj", "{A990658C-CE31-4BCC-976F-0FC6B1AF693D}"
EndProject
Project("{8BC9CEB8-8B4A-11D0-8D11-00A0C91BC942}") = "ReactCommon", "..\TodosFeed\node_modules\react-native-windows\ReactCommon\ReactCommon.vcxproj", "{A9D95A91-4DB7-4F72-BEB6-FE8A5C89BFBD}"
EndProject
Project("{8BC9CEB8-8B4A-11D0-8D11-00A0C91BC942}") = "ReactUWP", "..\TodosFeed\node_modules\react-native-windows\ReactUWP\ReactUWP.vcxproj", "{2D5D43D9-CFFC-4C40-B4CD-02EFB4E2742B}"
EndProject
Project("{8BC9CEB8-8B4A-11D0-8D11-00A0C91BC942}") = "ReactWindowsCore", "..\TodosFeed\node_modules\react-native-windows\ReactWindowsCore\ReactWindowsCore.vcxproj", "{11C084A3-A57C-4296-A679-CAC17B603144}"
EndProject
Project("{FAE04EC0-301F-11D3-BF4B-00C04F79EFBC}") = "ContosoExpenses.Uwp", "ContosoExpenses.Uwp\ContosoExpenses.Uwp.csproj", "{A27B8358-605B-4274-AFF0-D8B43A5FF5E8}"
EndProject
Project("{8BC9CEB8-8B4A-11D0-8D11-00A0C91BC942}") = "Chakra", "..\TodosFeed\node_modules\react-native-windows\Chakra\Chakra.vcxitems", "{C38970C0-5FBF-4D69-90D8-CBAC225AE895}"
EndProject
Project("{8BC9CEB8-8B4A-11D0-8D11-00A0C91BC942}") = "Common", "..\TodosFeed\node_modules\react-native-windows\Common\Common.vcxproj", "{FCA38F3C-7C73-4C47-BE4E-32F77FA8538D}"
EndProject
Project("{8BC9CEB8-8B4A-11D0-8D11-00A0C91BC942}") = "JSI.Shared", "..\TodosFeed\node_modules\react-native-windows\JSI\Shared\JSI.Shared.vcxitems", "{0CC28589-39E4-4288-B162-97B959F8B843}"
EndProject
Project("{8BC9CEB8-8B4A-11D0-8D11-00A0C91BC942}") = "JSI.Universal", "..\TodosFeed\node_modules\react-native-windows\JSI\Universal\JSI.Universal.vcxproj", "{A62D504A-16B8-41D2-9F19-E2E86019E5E4}"
EndProject
Project("{8BC9CEB8-8B4A-11D0-8D11-00A0C91BC942}") = "Microsoft.ReactNative", "..\TodosFeed\node_modules\react-native-windows\Microsoft.ReactNative\Microsoft.ReactNative.vcxproj", "{F7D32BD0-2749-483E-9A0D-1635EF7E3136}"
EndProject
Project("{8BC9CEB8-8B4A-11D0-8D11-00A0C91BC942}") = "Microsoft.ReactNative.Cxx", "..\TodosFeed\node_modules\react-native-windows\Microsoft.ReactNative.Cxx\Microsoft.ReactNative.Cxx.vcxitems", "{DA8B35B3-DA00-4B02-BDE6-6A397B3FD46B}"
EndProject
Project("{D954291E-2A0B-460D-934E-DC6B0785DB48}") = "Microsoft.ReactNative.SharedManaged", "..\TodosFeed\node_modules\react-native-windows\Microsoft.ReactNative.SharedManaged\Microsoft.ReactNative.SharedManaged.shproj", "{67A1076F-7790-4203-86EA-4402CCB5E782}"
EndProject
Global
	GlobalSection(SharedMSBuildProjectFiles) = preSolution
		..\TodosFeed\node_modules\react-native-windows\JSI\Shared\JSI.Shared.vcxitems*{0cc28589-39e4-4288-b162-97b959f8b843}*SharedItemsImports = 9
		..\TodosFeed\node_modules\react-native-windows\Chakra\Chakra.vcxitems*{2d5d43d9-cffc-4c40-b4cd-02efb4e2742b}*SharedItemsImports = 4
		..\TodosFeed\node_modules\react-native-windows\Shared\Shared.vcxitems*{2d5d43d9-cffc-4c40-b4cd-02efb4e2742b}*SharedItemsImports = 4
		..\TodosFeed\node_modules\react-native-windows\Microsoft.ReactNative.SharedManaged\Microsoft.ReactNative.SharedManaged.projitems*{67a1076f-7790-4203-86ea-4402ccb5e782}*SharedItemsImports = 13
		..\TodosFeed\node_modules\react-native-windows\JSI\Shared\JSI.Shared.vcxitems*{a62d504a-16b8-41d2-9f19-e2e86019e5e4}*SharedItemsImports = 4
		..\TodosFeed\node_modules\react-native-windows\Chakra\Chakra.vcxitems*{c38970c0-5fbf-4d69-90d8-cbac225ae895}*SharedItemsImports = 9
		..\TodosFeed\node_modules\react-native-windows\Microsoft.ReactNative.Cxx\Microsoft.ReactNative.Cxx.vcxitems*{da8b35b3-da00-4b02-bde6-6a397b3fd46b}*SharedItemsImports = 9
	EndGlobalSection
	GlobalSection(SolutionConfigurationPlatforms) = preSolution
		Debug|Any CPU = Debug|Any CPU
		Debug|ARM = Debug|ARM
		Debug|ARM64 = Debug|ARM64
		Debug|x64 = Debug|x64
		Debug|x86 = Debug|x86
		Release|Any CPU = Release|Any CPU
		Release|ARM = Release|ARM
		Release|ARM64 = Release|ARM64
		Release|x64 = Release|x64
		Release|x86 = Release|x86
	EndGlobalSection
	GlobalSection(ProjectConfigurationPlatforms) = postSolution
		{A3E7CBAC-2DFE-463B-B7F9-0B6477EA7A37}.Debug|Any CPU.ActiveCfg = Debug|x86
		{A3E7CBAC-2DFE-463B-B7F9-0B6477EA7A37}.Debug|ARM.ActiveCfg = Debug|x86
		{A3E7CBAC-2DFE-463B-B7F9-0B6477EA7A37}.Debug|ARM64.ActiveCfg = Debug|x86
		{A3E7CBAC-2DFE-463B-B7F9-0B6477EA7A37}.Debug|x64.ActiveCfg = Debug|x64
		{A3E7CBAC-2DFE-463B-B7F9-0B6477EA7A37}.Debug|x64.Build.0 = Debug|x64
		{A3E7CBAC-2DFE-463B-B7F9-0B6477EA7A37}.Debug|x86.ActiveCfg = Debug|x86
		{A3E7CBAC-2DFE-463B-B7F9-0B6477EA7A37}.Debug|x86.Build.0 = Debug|x86
		{A3E7CBAC-2DFE-463B-B7F9-0B6477EA7A37}.Release|Any CPU.ActiveCfg = Release|x86
		{A3E7CBAC-2DFE-463B-B7F9-0B6477EA7A37}.Release|ARM.ActiveCfg = Release|x86
		{A3E7CBAC-2DFE-463B-B7F9-0B6477EA7A37}.Release|ARM64.ActiveCfg = Release|x86
		{A3E7CBAC-2DFE-463B-B7F9-0B6477EA7A37}.Release|x64.ActiveCfg = Release|x64
		{A3E7CBAC-2DFE-463B-B7F9-0B6477EA7A37}.Release|x64.Build.0 = Release|x64
		{A3E7CBAC-2DFE-463B-B7F9-0B6477EA7A37}.Release|x86.ActiveCfg = Release|x86
		{A3E7CBAC-2DFE-463B-B7F9-0B6477EA7A37}.Release|x86.Build.0 = Release|x86
		{17D17C72-3B34-4AB4-8B77-CB39B2889445}.Debug|Any CPU.ActiveCfg = Debug|Any CPU
		{17D17C72-3B34-4AB4-8B77-CB39B2889445}.Debug|Any CPU.Build.0 = Debug|Any CPU
		{17D17C72-3B34-4AB4-8B77-CB39B2889445}.Debug|ARM.ActiveCfg = Debug|Any CPU
		{17D17C72-3B34-4AB4-8B77-CB39B2889445}.Debug|ARM.Build.0 = Debug|Any CPU
		{17D17C72-3B34-4AB4-8B77-CB39B2889445}.Debug|ARM64.ActiveCfg = Debug|Any CPU
		{17D17C72-3B34-4AB4-8B77-CB39B2889445}.Debug|ARM64.Build.0 = Debug|Any CPU
		{17D17C72-3B34-4AB4-8B77-CB39B2889445}.Debug|x64.ActiveCfg = Debug|Any CPU
		{17D17C72-3B34-4AB4-8B77-CB39B2889445}.Debug|x64.Build.0 = Debug|Any CPU
		{17D17C72-3B34-4AB4-8B77-CB39B2889445}.Debug|x86.ActiveCfg = Debug|x86
		{17D17C72-3B34-4AB4-8B77-CB39B2889445}.Debug|x86.Build.0 = Debug|x86
		{17D17C72-3B34-4AB4-8B77-CB39B2889445}.Release|Any CPU.ActiveCfg = Release|Any CPU
		{17D17C72-3B34-4AB4-8B77-CB39B2889445}.Release|Any CPU.Build.0 = Release|Any CPU
		{17D17C72-3B34-4AB4-8B77-CB39B2889445}.Release|ARM.ActiveCfg = Release|Any CPU
		{17D17C72-3B34-4AB4-8B77-CB39B2889445}.Release|ARM.Build.0 = Release|Any CPU
		{17D17C72-3B34-4AB4-8B77-CB39B2889445}.Release|ARM64.ActiveCfg = Release|Any CPU
		{17D17C72-3B34-4AB4-8B77-CB39B2889445}.Release|ARM64.Build.0 = Release|Any CPU
		{17D17C72-3B34-4AB4-8B77-CB39B2889445}.Release|x64.ActiveCfg = Release|Any CPU
		{17D17C72-3B34-4AB4-8B77-CB39B2889445}.Release|x64.Build.0 = Release|Any CPU
		{17D17C72-3B34-4AB4-8B77-CB39B2889445}.Release|x86.ActiveCfg = Release|Any CPU
		{17D17C72-3B34-4AB4-8B77-CB39B2889445}.Release|x86.Build.0 = Release|Any CPU
		{B49C1E9A-C799-4336-9076-F02A1E9E36DB}.Debug|Any CPU.ActiveCfg = Debug|Any CPU
		{B49C1E9A-C799-4336-9076-F02A1E9E36DB}.Debug|Any CPU.Build.0 = Debug|Any CPU
		{B49C1E9A-C799-4336-9076-F02A1E9E36DB}.Debug|Any CPU.Deploy.0 = Debug|Any CPU
		{B49C1E9A-C799-4336-9076-F02A1E9E36DB}.Debug|ARM.ActiveCfg = Debug|ARM
		{B49C1E9A-C799-4336-9076-F02A1E9E36DB}.Debug|ARM.Build.0 = Debug|ARM
		{B49C1E9A-C799-4336-9076-F02A1E9E36DB}.Debug|ARM.Deploy.0 = Debug|ARM
		{B49C1E9A-C799-4336-9076-F02A1E9E36DB}.Debug|ARM64.ActiveCfg = Debug|ARM64
		{B49C1E9A-C799-4336-9076-F02A1E9E36DB}.Debug|ARM64.Build.0 = Debug|ARM64
		{B49C1E9A-C799-4336-9076-F02A1E9E36DB}.Debug|ARM64.Deploy.0 = Debug|ARM64
		{B49C1E9A-C799-4336-9076-F02A1E9E36DB}.Debug|x64.ActiveCfg = Debug|x64
		{B49C1E9A-C799-4336-9076-F02A1E9E36DB}.Debug|x64.Build.0 = Debug|x64
		{B49C1E9A-C799-4336-9076-F02A1E9E36DB}.Debug|x64.Deploy.0 = Debug|x64
		{B49C1E9A-C799-4336-9076-F02A1E9E36DB}.Debug|x86.ActiveCfg = Debug|x86
		{B49C1E9A-C799-4336-9076-F02A1E9E36DB}.Debug|x86.Build.0 = Debug|x86
		{B49C1E9A-C799-4336-9076-F02A1E9E36DB}.Debug|x86.Deploy.0 = Debug|x86
		{B49C1E9A-C799-4336-9076-F02A1E9E36DB}.Release|Any CPU.ActiveCfg = Release|Any CPU
		{B49C1E9A-C799-4336-9076-F02A1E9E36DB}.Release|Any CPU.Build.0 = Release|Any CPU
		{B49C1E9A-C799-4336-9076-F02A1E9E36DB}.Release|Any CPU.Deploy.0 = Release|Any CPU
		{B49C1E9A-C799-4336-9076-F02A1E9E36DB}.Release|ARM.ActiveCfg = Release|ARM
		{B49C1E9A-C799-4336-9076-F02A1E9E36DB}.Release|ARM.Build.0 = Release|ARM
		{B49C1E9A-C799-4336-9076-F02A1E9E36DB}.Release|ARM.Deploy.0 = Release|ARM
		{B49C1E9A-C799-4336-9076-F02A1E9E36DB}.Release|ARM64.ActiveCfg = Release|ARM64
		{B49C1E9A-C799-4336-9076-F02A1E9E36DB}.Release|ARM64.Build.0 = Release|ARM64
		{B49C1E9A-C799-4336-9076-F02A1E9E36DB}.Release|ARM64.Deploy.0 = Release|ARM64
		{B49C1E9A-C799-4336-9076-F02A1E9E36DB}.Release|x64.ActiveCfg = Release|x64
		{B49C1E9A-C799-4336-9076-F02A1E9E36DB}.Release|x64.Build.0 = Release|x64
		{B49C1E9A-C799-4336-9076-F02A1E9E36DB}.Release|x64.Deploy.0 = Release|x64
		{B49C1E9A-C799-4336-9076-F02A1E9E36DB}.Release|x86.ActiveCfg = Release|x86
		{B49C1E9A-C799-4336-9076-F02A1E9E36DB}.Release|x86.Build.0 = Release|x86
		{B49C1E9A-C799-4336-9076-F02A1E9E36DB}.Release|x86.Deploy.0 = Release|x86
		{6BE33799-9542-44D3-A034-F023F5B2CAD4}.Debug|Any CPU.ActiveCfg = Debug|Any CPU
		{6BE33799-9542-44D3-A034-F023F5B2CAD4}.Debug|Any CPU.Build.0 = Debug|Any CPU
		{6BE33799-9542-44D3-A034-F023F5B2CAD4}.Debug|ARM.ActiveCfg = Debug|ARM
		{6BE33799-9542-44D3-A034-F023F5B2CAD4}.Debug|ARM.Build.0 = Debug|ARM
		{6BE33799-9542-44D3-A034-F023F5B2CAD4}.Debug|ARM64.ActiveCfg = Debug|ARM64
		{6BE33799-9542-44D3-A034-F023F5B2CAD4}.Debug|ARM64.Build.0 = Debug|ARM64
		{6BE33799-9542-44D3-A034-F023F5B2CAD4}.Debug|x64.ActiveCfg = Debug|x64
		{6BE33799-9542-44D3-A034-F023F5B2CAD4}.Debug|x64.Build.0 = Debug|x64
		{6BE33799-9542-44D3-A034-F023F5B2CAD4}.Debug|x86.ActiveCfg = Debug|x86
		{6BE33799-9542-44D3-A034-F023F5B2CAD4}.Debug|x86.Build.0 = Debug|x86
		{6BE33799-9542-44D3-A034-F023F5B2CAD4}.Release|Any CPU.ActiveCfg = Release|Any CPU
		{6BE33799-9542-44D3-A034-F023F5B2CAD4}.Release|Any CPU.Build.0 = Release|Any CPU
		{6BE33799-9542-44D3-A034-F023F5B2CAD4}.Release|ARM.ActiveCfg = Release|ARM
		{6BE33799-9542-44D3-A034-F023F5B2CAD4}.Release|ARM.Build.0 = Release|ARM
		{6BE33799-9542-44D3-A034-F023F5B2CAD4}.Release|ARM64.ActiveCfg = Release|ARM64
		{6BE33799-9542-44D3-A034-F023F5B2CAD4}.Release|ARM64.Build.0 = Release|ARM64
		{6BE33799-9542-44D3-A034-F023F5B2CAD4}.Release|x64.ActiveCfg = Release|x64
		{6BE33799-9542-44D3-A034-F023F5B2CAD4}.Release|x64.Build.0 = Release|x64
		{6BE33799-9542-44D3-A034-F023F5B2CAD4}.Release|x86.ActiveCfg = Release|x86
		{6BE33799-9542-44D3-A034-F023F5B2CAD4}.Release|x86.Build.0 = Release|x86
		{A990658C-CE31-4BCC-976F-0FC6B1AF693D}.Debug|Any CPU.ActiveCfg = Debug|Win32
		{A990658C-CE31-4BCC-976F-0FC6B1AF693D}.Debug|ARM.ActiveCfg = Debug|ARM
		{A990658C-CE31-4BCC-976F-0FC6B1AF693D}.Debug|ARM.Build.0 = Debug|ARM
		{A990658C-CE31-4BCC-976F-0FC6B1AF693D}.Debug|ARM64.ActiveCfg = Debug|Win32
		{A990658C-CE31-4BCC-976F-0FC6B1AF693D}.Debug|x64.ActiveCfg = Debug|x64
		{A990658C-CE31-4BCC-976F-0FC6B1AF693D}.Debug|x64.Build.0 = Debug|x64
		{A990658C-CE31-4BCC-976F-0FC6B1AF693D}.Debug|x86.ActiveCfg = Debug|Win32
		{A990658C-CE31-4BCC-976F-0FC6B1AF693D}.Debug|x86.Build.0 = Debug|Win32
		{A990658C-CE31-4BCC-976F-0FC6B1AF693D}.Release|Any CPU.ActiveCfg = Release|Win32
		{A990658C-CE31-4BCC-976F-0FC6B1AF693D}.Release|ARM.ActiveCfg = Release|ARM
		{A990658C-CE31-4BCC-976F-0FC6B1AF693D}.Release|ARM.Build.0 = Release|ARM
		{A990658C-CE31-4BCC-976F-0FC6B1AF693D}.Release|ARM64.ActiveCfg = Release|Win32
		{A990658C-CE31-4BCC-976F-0FC6B1AF693D}.Release|x64.ActiveCfg = Release|x64
		{A990658C-CE31-4BCC-976F-0FC6B1AF693D}.Release|x64.Build.0 = Release|x64
		{A990658C-CE31-4BCC-976F-0FC6B1AF693D}.Release|x86.ActiveCfg = Release|Win32
		{A990658C-CE31-4BCC-976F-0FC6B1AF693D}.Release|x86.Build.0 = Release|Win32
		{A9D95A91-4DB7-4F72-BEB6-FE8A5C89BFBD}.Debug|Any CPU.ActiveCfg = Debug|Win32
		{A9D95A91-4DB7-4F72-BEB6-FE8A5C89BFBD}.Debug|ARM.ActiveCfg = Debug|ARM
		{A9D95A91-4DB7-4F72-BEB6-FE8A5C89BFBD}.Debug|ARM.Build.0 = Debug|ARM
		{A9D95A91-4DB7-4F72-BEB6-FE8A5C89BFBD}.Debug|ARM64.ActiveCfg = Debug|Win32
		{A9D95A91-4DB7-4F72-BEB6-FE8A5C89BFBD}.Debug|x64.ActiveCfg = Debug|x64
		{A9D95A91-4DB7-4F72-BEB6-FE8A5C89BFBD}.Debug|x64.Build.0 = Debug|x64
		{A9D95A91-4DB7-4F72-BEB6-FE8A5C89BFBD}.Debug|x86.ActiveCfg = Debug|Win32
		{A9D95A91-4DB7-4F72-BEB6-FE8A5C89BFBD}.Debug|x86.Build.0 = Debug|Win32
		{A9D95A91-4DB7-4F72-BEB6-FE8A5C89BFBD}.Release|Any CPU.ActiveCfg = Release|Win32
		{A9D95A91-4DB7-4F72-BEB6-FE8A5C89BFBD}.Release|ARM.ActiveCfg = Release|ARM
		{A9D95A91-4DB7-4F72-BEB6-FE8A5C89BFBD}.Release|ARM.Build.0 = Release|ARM
		{A9D95A91-4DB7-4F72-BEB6-FE8A5C89BFBD}.Release|ARM64.ActiveCfg = Release|Win32
		{A9D95A91-4DB7-4F72-BEB6-FE8A5C89BFBD}.Release|x64.ActiveCfg = Release|x64
		{A9D95A91-4DB7-4F72-BEB6-FE8A5C89BFBD}.Release|x64.Build.0 = Release|x64
		{A9D95A91-4DB7-4F72-BEB6-FE8A5C89BFBD}.Release|x86.ActiveCfg = Release|Win32
		{A9D95A91-4DB7-4F72-BEB6-FE8A5C89BFBD}.Release|x86.Build.0 = Release|Win32
		{2D5D43D9-CFFC-4C40-B4CD-02EFB4E2742B}.Debug|Any CPU.ActiveCfg = Debug|Win32
		{2D5D43D9-CFFC-4C40-B4CD-02EFB4E2742B}.Debug|ARM.ActiveCfg = Debug|ARM
		{2D5D43D9-CFFC-4C40-B4CD-02EFB4E2742B}.Debug|ARM.Build.0 = Debug|ARM
		{2D5D43D9-CFFC-4C40-B4CD-02EFB4E2742B}.Debug|ARM64.ActiveCfg = Debug|Win32
		{2D5D43D9-CFFC-4C40-B4CD-02EFB4E2742B}.Debug|x64.ActiveCfg = Debug|x64
		{2D5D43D9-CFFC-4C40-B4CD-02EFB4E2742B}.Debug|x64.Build.0 = Debug|x64
		{2D5D43D9-CFFC-4C40-B4CD-02EFB4E2742B}.Debug|x86.ActiveCfg = Debug|Win32
		{2D5D43D9-CFFC-4C40-B4CD-02EFB4E2742B}.Debug|x86.Build.0 = Debug|Win32
		{2D5D43D9-CFFC-4C40-B4CD-02EFB4E2742B}.Release|Any CPU.ActiveCfg = Release|Win32
		{2D5D43D9-CFFC-4C40-B4CD-02EFB4E2742B}.Release|ARM.ActiveCfg = Release|ARM
		{2D5D43D9-CFFC-4C40-B4CD-02EFB4E2742B}.Release|ARM.Build.0 = Release|ARM
		{2D5D43D9-CFFC-4C40-B4CD-02EFB4E2742B}.Release|ARM64.ActiveCfg = Release|Win32
		{2D5D43D9-CFFC-4C40-B4CD-02EFB4E2742B}.Release|x64.ActiveCfg = Release|x64
		{2D5D43D9-CFFC-4C40-B4CD-02EFB4E2742B}.Release|x64.Build.0 = Release|x64
		{2D5D43D9-CFFC-4C40-B4CD-02EFB4E2742B}.Release|x86.ActiveCfg = Release|Win32
		{2D5D43D9-CFFC-4C40-B4CD-02EFB4E2742B}.Release|x86.Build.0 = Release|Win32
		{11C084A3-A57C-4296-A679-CAC17B603144}.Debug|Any CPU.ActiveCfg = Debug|Win32
		{11C084A3-A57C-4296-A679-CAC17B603144}.Debug|ARM.ActiveCfg = Debug|ARM
		{11C084A3-A57C-4296-A679-CAC17B603144}.Debug|ARM.Build.0 = Debug|ARM
		{11C084A3-A57C-4296-A679-CAC17B603144}.Debug|ARM64.ActiveCfg = Debug|Win32
		{11C084A3-A57C-4296-A679-CAC17B603144}.Debug|x64.ActiveCfg = Debug|x64
		{11C084A3-A57C-4296-A679-CAC17B603144}.Debug|x64.Build.0 = Debug|x64
		{11C084A3-A57C-4296-A679-CAC17B603144}.Debug|x86.ActiveCfg = Debug|Win32
		{11C084A3-A57C-4296-A679-CAC17B603144}.Debug|x86.Build.0 = Debug|Win32
		{11C084A3-A57C-4296-A679-CAC17B603144}.Release|Any CPU.ActiveCfg = Release|Win32
		{11C084A3-A57C-4296-A679-CAC17B603144}.Release|ARM.ActiveCfg = Release|ARM
		{11C084A3-A57C-4296-A679-CAC17B603144}.Release|ARM.Build.0 = Release|ARM
		{11C084A3-A57C-4296-A679-CAC17B603144}.Release|ARM64.ActiveCfg = Release|Win32
		{11C084A3-A57C-4296-A679-CAC17B603144}.Release|x64.ActiveCfg = Release|x64
		{11C084A3-A57C-4296-A679-CAC17B603144}.Release|x64.Build.0 = Release|x64
		{11C084A3-A57C-4296-A679-CAC17B603144}.Release|x86.ActiveCfg = Release|Win32
		{11C084A3-A57C-4296-A679-CAC17B603144}.Release|x86.Build.0 = Release|Win32
		{A27B8358-605B-4274-AFF0-D8B43A5FF5E8}.Debug|Any CPU.ActiveCfg = Debug|x86
		{A27B8358-605B-4274-AFF0-D8B43A5FF5E8}.Debug|ARM.ActiveCfg = Debug|ARM
		{A27B8358-605B-4274-AFF0-D8B43A5FF5E8}.Debug|ARM.Build.0 = Debug|ARM
		{A27B8358-605B-4274-AFF0-D8B43A5FF5E8}.Debug|ARM.Deploy.0 = Debug|ARM
		{A27B8358-605B-4274-AFF0-D8B43A5FF5E8}.Debug|ARM64.ActiveCfg = Debug|ARM64
		{A27B8358-605B-4274-AFF0-D8B43A5FF5E8}.Debug|ARM64.Build.0 = Debug|ARM64
		{A27B8358-605B-4274-AFF0-D8B43A5FF5E8}.Debug|ARM64.Deploy.0 = Debug|ARM64
		{A27B8358-605B-4274-AFF0-D8B43A5FF5E8}.Debug|x64.ActiveCfg = Debug|x64
		{A27B8358-605B-4274-AFF0-D8B43A5FF5E8}.Debug|x64.Build.0 = Debug|x64
		{A27B8358-605B-4274-AFF0-D8B43A5FF5E8}.Debug|x86.ActiveCfg = Debug|x86
		{A27B8358-605B-4274-AFF0-D8B43A5FF5E8}.Debug|x86.Build.0 = Debug|x86
		{A27B8358-605B-4274-AFF0-D8B43A5FF5E8}.Release|Any CPU.ActiveCfg = Release|x86
		{A27B8358-605B-4274-AFF0-D8B43A5FF5E8}.Release|ARM.ActiveCfg = Release|ARM
		{A27B8358-605B-4274-AFF0-D8B43A5FF5E8}.Release|ARM.Build.0 = Release|ARM
		{A27B8358-605B-4274-AFF0-D8B43A5FF5E8}.Release|ARM.Deploy.0 = Release|ARM
		{A27B8358-605B-4274-AFF0-D8B43A5FF5E8}.Release|ARM64.ActiveCfg = Release|ARM64
		{A27B8358-605B-4274-AFF0-D8B43A5FF5E8}.Release|ARM64.Build.0 = Release|ARM64
		{A27B8358-605B-4274-AFF0-D8B43A5FF5E8}.Release|ARM64.Deploy.0 = Release|ARM64
		{A27B8358-605B-4274-AFF0-D8B43A5FF5E8}.Release|x64.ActiveCfg = Release|x64
		{A27B8358-605B-4274-AFF0-D8B43A5FF5E8}.Release|x64.Build.0 = Release|x64
		{A27B8358-605B-4274-AFF0-D8B43A5FF5E8}.Release|x64.Deploy.0 = Release|x64
		{A27B8358-605B-4274-AFF0-D8B43A5FF5E8}.Release|x86.ActiveCfg = Release|x86
		{A27B8358-605B-4274-AFF0-D8B43A5FF5E8}.Release|x86.Build.0 = Release|x86
		{A27B8358-605B-4274-AFF0-D8B43A5FF5E8}.Release|x86.Deploy.0 = Release|x86
		{FCA38F3C-7C73-4C47-BE4E-32F77FA8538D}.Debug|Any CPU.ActiveCfg = Debug|Win32
		{FCA38F3C-7C73-4C47-BE4E-32F77FA8538D}.Debug|ARM.ActiveCfg = Debug|ARM
		{FCA38F3C-7C73-4C47-BE4E-32F77FA8538D}.Debug|ARM.Build.0 = Debug|ARM
		{FCA38F3C-7C73-4C47-BE4E-32F77FA8538D}.Debug|ARM64.ActiveCfg = Debug|Win32
		{FCA38F3C-7C73-4C47-BE4E-32F77FA8538D}.Debug|x64.ActiveCfg = Debug|x64
		{FCA38F3C-7C73-4C47-BE4E-32F77FA8538D}.Debug|x64.Build.0 = Debug|x64
		{FCA38F3C-7C73-4C47-BE4E-32F77FA8538D}.Debug|x86.ActiveCfg = Debug|Win32
		{FCA38F3C-7C73-4C47-BE4E-32F77FA8538D}.Debug|x86.Build.0 = Debug|Win32
		{FCA38F3C-7C73-4C47-BE4E-32F77FA8538D}.Release|Any CPU.ActiveCfg = Release|Win32
		{FCA38F3C-7C73-4C47-BE4E-32F77FA8538D}.Release|ARM.ActiveCfg = Release|ARM
		{FCA38F3C-7C73-4C47-BE4E-32F77FA8538D}.Release|ARM.Build.0 = Release|ARM
		{FCA38F3C-7C73-4C47-BE4E-32F77FA8538D}.Release|ARM64.ActiveCfg = Release|Win32
		{FCA38F3C-7C73-4C47-BE4E-32F77FA8538D}.Release|x64.ActiveCfg = Release|x64
		{FCA38F3C-7C73-4C47-BE4E-32F77FA8538D}.Release|x64.Build.0 = Release|x64
		{FCA38F3C-7C73-4C47-BE4E-32F77FA8538D}.Release|x86.ActiveCfg = Release|Win32
		{FCA38F3C-7C73-4C47-BE4E-32F77FA8538D}.Release|x86.Build.0 = Release|Win32
		{A62D504A-16B8-41D2-9F19-E2E86019E5E4}.Debug|Any CPU.ActiveCfg = Debug|Win32
		{A62D504A-16B8-41D2-9F19-E2E86019E5E4}.Debug|ARM.ActiveCfg = Debug|ARM
		{A62D504A-16B8-41D2-9F19-E2E86019E5E4}.Debug|ARM.Build.0 = Debug|ARM
		{A62D504A-16B8-41D2-9F19-E2E86019E5E4}.Debug|ARM64.ActiveCfg = Debug|Win32
		{A62D504A-16B8-41D2-9F19-E2E86019E5E4}.Debug|x64.ActiveCfg = Debug|x64
		{A62D504A-16B8-41D2-9F19-E2E86019E5E4}.Debug|x64.Build.0 = Debug|x64
		{A62D504A-16B8-41D2-9F19-E2E86019E5E4}.Debug|x86.ActiveCfg = Debug|Win32
		{A62D504A-16B8-41D2-9F19-E2E86019E5E4}.Debug|x86.Build.0 = Debug|Win32
		{A62D504A-16B8-41D2-9F19-E2E86019E5E4}.Release|Any CPU.ActiveCfg = Release|Win32
		{A62D504A-16B8-41D2-9F19-E2E86019E5E4}.Release|ARM.ActiveCfg = Release|ARM
		{A62D504A-16B8-41D2-9F19-E2E86019E5E4}.Release|ARM.Build.0 = Release|ARM
		{A62D504A-16B8-41D2-9F19-E2E86019E5E4}.Release|ARM64.ActiveCfg = Release|Win32
		{A62D504A-16B8-41D2-9F19-E2E86019E5E4}.Release|x64.ActiveCfg = Release|x64
		{A62D504A-16B8-41D2-9F19-E2E86019E5E4}.Release|x64.Build.0 = Release|x64
		{A62D504A-16B8-41D2-9F19-E2E86019E5E4}.Release|x86.ActiveCfg = Release|Win32
		{A62D504A-16B8-41D2-9F19-E2E86019E5E4}.Release|x86.Build.0 = Release|Win32
		{F7D32BD0-2749-483E-9A0D-1635EF7E3136}.Debug|Any CPU.ActiveCfg = Debug|Win32
		{F7D32BD0-2749-483E-9A0D-1635EF7E3136}.Debug|ARM.ActiveCfg = Debug|ARM
		{F7D32BD0-2749-483E-9A0D-1635EF7E3136}.Debug|ARM.Build.0 = Debug|ARM
		{F7D32BD0-2749-483E-9A0D-1635EF7E3136}.Debug|ARM64.ActiveCfg = Debug|Win32
		{F7D32BD0-2749-483E-9A0D-1635EF7E3136}.Debug|x64.ActiveCfg = Debug|x64
		{F7D32BD0-2749-483E-9A0D-1635EF7E3136}.Debug|x64.Build.0 = Debug|x64
		{F7D32BD0-2749-483E-9A0D-1635EF7E3136}.Debug|x86.ActiveCfg = Debug|Win32
		{F7D32BD0-2749-483E-9A0D-1635EF7E3136}.Debug|x86.Build.0 = Debug|Win32
		{F7D32BD0-2749-483E-9A0D-1635EF7E3136}.Release|Any CPU.ActiveCfg = Release|Win32
		{F7D32BD0-2749-483E-9A0D-1635EF7E3136}.Release|ARM.ActiveCfg = Release|ARM
		{F7D32BD0-2749-483E-9A0D-1635EF7E3136}.Release|ARM.Build.0 = Release|ARM
		{F7D32BD0-2749-483E-9A0D-1635EF7E3136}.Release|ARM64.ActiveCfg = Release|Win32
		{F7D32BD0-2749-483E-9A0D-1635EF7E3136}.Release|x64.ActiveCfg = Release|x64
		{F7D32BD0-2749-483E-9A0D-1635EF7E3136}.Release|x64.Build.0 = Release|x64
		{F7D32BD0-2749-483E-9A0D-1635EF7E3136}.Release|x86.ActiveCfg = Release|Win32
		{F7D32BD0-2749-483E-9A0D-1635EF7E3136}.Release|x86.Build.0 = Release|Win32
	EndGlobalSection
	GlobalSection(SolutionProperties) = preSolution
		HideSolutionNode = FALSE
	EndGlobalSection
	GlobalSection(NestedProjects) = preSolution
		{6BE33799-9542-44D3-A034-F023F5B2CAD4} = {EB1E6423-0875-4B44-A113-E0FA545E799D}
		{A990658C-CE31-4BCC-976F-0FC6B1AF693D} = {EB1E6423-0875-4B44-A113-E0FA545E799D}
		{A9D95A91-4DB7-4F72-BEB6-FE8A5C89BFBD} = {EB1E6423-0875-4B44-A113-E0FA545E799D}
		{2D5D43D9-CFFC-4C40-B4CD-02EFB4E2742B} = {EB1E6423-0875-4B44-A113-E0FA545E799D}
		{11C084A3-A57C-4296-A679-CAC17B603144} = {EB1E6423-0875-4B44-A113-E0FA545E799D}
		{C38970C0-5FBF-4D69-90D8-CBAC225AE895} = {EB1E6423-0875-4B44-A113-E0FA545E799D}
		{FCA38F3C-7C73-4C47-BE4E-32F77FA8538D} = {EB1E6423-0875-4B44-A113-E0FA545E799D}
		{0CC28589-39E4-4288-B162-97B959F8B843} = {EB1E6423-0875-4B44-A113-E0FA545E799D}
		{A62D504A-16B8-41D2-9F19-E2E86019E5E4} = {EB1E6423-0875-4B44-A113-E0FA545E799D}
		{F7D32BD0-2749-483E-9A0D-1635EF7E3136} = {EB1E6423-0875-4B44-A113-E0FA545E799D}
		{DA8B35B3-DA00-4B02-BDE6-6A397B3FD46B} = {EB1E6423-0875-4B44-A113-E0FA545E799D}
		{67A1076F-7790-4203-86EA-4402CCB5E782} = {EB1E6423-0875-4B44-A113-E0FA545E799D}
	EndGlobalSection
	GlobalSection(ExtensibilityGlobals) = postSolution
		SolutionGuid = {3BADFBD9-C57F-40A7-B058-D6B067196030}
	EndGlobalSection
EndGlobal
