
Microsoft Visual Studio Solution File, Format Version 12.00
# Visual Studio Version 16
VisualStudioVersion = 16.0.29123.89
MinimumVisualStudioVersion = 10.0.40219.1
Project("{9A19103F-16F7-4668-BE54-9A1E7A4F7556}") = "Inventory.Data", "Inventory.Data\Inventory.Data.csproj", "{515A0883-D2D9-4B97-8D73-EE6FE9BC3F2B}"
EndProject
Project("{9A19103F-16F7-4668-BE54-9A1E7A4F7556}") = "Inventory.ViewModels", "Inventory.ViewModels\Inventory.ViewModels.csproj", "{9CEE6144-0377-4F95-AC2D-FDC599B82ED9}"
EndProject
Project("{FAE04EC0-301F-11D3-BF4B-00C04F79EFBC}") = "Inventory.App", "Inventory.App\Inventory.App.csproj", "{88F4FCC9-4783-491E-BEF7-CA1C07DD18A8}"
EndProject
Project("{2150E333-8FDC-42A3-9474-1A3956D46DE8}") = "Libraries", "Libraries", "{5AC38810-8837-4093-8578-7D91C8AB922E}"
EndProject
Project("{2150E333-8FDC-42A3-9474-1A3956D46DE8}") = "ReactNative", "ReactNative", "{B147C075-00C0-403A-8575-7BF3E12EA51D}"
EndProject
Project("{FAE04EC0-301F-11D3-BF4B-00C04F79EFBC}") = "TodosFeed.Component", "..\TodosFeed\windows\TodosFeed.Component\TodosFeed.Component.csproj", "{6BE33799-9542-44D3-A034-F023F5B2CAD4}"
EndProject
Project("{8BC9CEB8-8B4A-11D0-8D11-00A0C91BC942}") = "Folly", "..\TodosFeed\node_modules\react-native-windows\Folly\Folly.vcxproj", "{A990658C-CE31-4BCC-976F-0FC6B1AF693D}"
EndProject
Project("{8BC9CEB8-8B4A-11D0-8D11-00A0C91BC942}") = "ReactCommon", "..\TodosFeed\node_modules\react-native-windows\ReactCommon\ReactCommon.vcxproj", "{A9D95A91-4DB7-4F72-BEB6-FE8A5C89BFBD}"
EndProject
Project("{8BC9CEB8-8B4A-11D0-8D11-00A0C91BC942}") = "ReactWindowsCore", "..\TodosFeed\node_modules\react-native-windows\ReactWindowsCore\ReactWindowsCore.vcxproj", "{11C084A3-A57C-4296-A679-CAC17B603144}"
EndProject
Project("{8BC9CEB8-8B4A-11D0-8D11-00A0C91BC942}") = "Common", "..\TodosFeed\node_modules\react-native-windows\Common\Common.vcxproj", "{FCA38F3C-7C73-4C47-BE4E-32F77FA8538D}"
EndProject
Project("{8BC9CEB8-8B4A-11D0-8D11-00A0C91BC942}") = "JSI.Universal", "..\TodosFeed\node_modules\react-native-windows\JSI\Universal\JSI.Universal.vcxproj", "{A62D504A-16B8-41D2-9F19-E2E86019E5E4}"
EndProject
Project("{8BC9CEB8-8B4A-11D0-8D11-00A0C91BC942}") = "Microsoft.ReactNative", "..\TodosFeed\node_modules\react-native-windows\Microsoft.ReactNative\Microsoft.ReactNative.vcxproj", "{F7D32BD0-2749-483E-9A0D-1635EF7E3136}"
EndProject
Project("{8BC9CEB8-8B4A-11D0-8D11-00A0C91BC942}") = "Chakra", "..\TodosFeed\node_modules\react-native-windows\Chakra\Chakra.vcxitems", "{C38970C0-5FBF-4D69-90D8-CBAC225AE895}"
EndProject
Project("{8BC9CEB8-8B4A-11D0-8D11-00A0C91BC942}") = "JSI.Shared", "..\TodosFeed\node_modules\react-native-windows\JSI\Shared\JSI.Shared.vcxitems", "{0CC28589-39E4-4288-B162-97B959F8B843}"
EndProject
Project("{8BC9CEB8-8B4A-11D0-8D11-00A0C91BC942}") = "Microsoft.ReactNative.Cxx", "..\TodosFeed\node_modules\react-native-windows\Microsoft.ReactNative.Cxx\Microsoft.ReactNative.Cxx.vcxitems", "{DA8B35B3-DA00-4B02-BDE6-6A397B3FD46B}"
EndProject
Project("{D954291E-2A0B-460D-934E-DC6B0785DB48}") = "Microsoft.ReactNative.SharedManaged", "..\TodosFeed\node_modules\react-native-windows\Microsoft.ReactNative.SharedManaged\Microsoft.ReactNative.SharedManaged.shproj", "{67A1076F-7790-4203-86EA-4402CCB5E782}"
EndProject
Project("{8BC9CEB8-8B4A-11D0-8D11-00A0C91BC942}") = "Mso", "..\TodosFeed\node_modules\react-native-windows\Mso\Mso.vcxitems", "{84E05BFA-CBAF-4F0D-BFB6-4CE85742A57E}"
EndProject
Project("{8BC9CEB8-8B4A-11D0-8D11-00A0C91BC942}") = "Shared", "..\TodosFeed\node_modules\react-native-windows\Shared\Shared.vcxitems", "{2049DBE9-8D13-42C9-AE4B-413AE38FFFD0}"
EndProject
Global
	GlobalSection(SharedMSBuildProjectFiles) = preSolution
		..\TodosFeed\node_modules\react-native-windows\JSI\Shared\JSI.Shared.vcxitems*{0cc28589-39e4-4288-b162-97b959f8b843}*SharedItemsImports = 9
		..\TodosFeed\node_modules\react-native-windows\ReactWindowsCore\ReactWindowsCore.vcxitems*{11c084a3-a57c-4296-a679-cac17b603144}*SharedItemsImports = 4
		..\TodosFeed\node_modules\react-native-windows\Shared\Shared.vcxitems*{2049dbe9-8d13-42c9-ae4b-413ae38fffd0}*SharedItemsImports = 9
		..\TodosFeed\node_modules\react-native-windows\Microsoft.ReactNative.SharedManaged\Microsoft.ReactNative.SharedManaged.projitems*{67a1076f-7790-4203-86ea-4402ccb5e782}*SharedItemsImports = 13
		..\TodosFeed\node_modules\react-native-windows\Microsoft.ReactNative.SharedManaged\Microsoft.ReactNative.SharedManaged.projitems*{6be33799-9542-44d3-a034-f023f5b2cad4}*SharedItemsImports = 4
		..\TodosFeed\node_modules\react-native-windows\Mso\Mso.vcxitems*{84e05bfa-cbaf-4f0d-bfb6-4ce85742a57e}*SharedItemsImports = 9
		..\TodosFeed\node_modules\react-native-windows\JSI\Shared\JSI.Shared.vcxitems*{a62d504a-16b8-41d2-9f19-e2e86019e5e4}*SharedItemsImports = 4
		..\TodosFeed\node_modules\react-native-windows\Chakra\Chakra.vcxitems*{c38970c0-5fbf-4d69-90d8-cbac225ae895}*SharedItemsImports = 9
		..\TodosFeed\node_modules\react-native-windows\Microsoft.ReactNative.Cxx\Microsoft.ReactNative.Cxx.vcxitems*{da8b35b3-da00-4b02-bde6-6a397b3fd46b}*SharedItemsImports = 9
		..\TodosFeed\node_modules\react-native-windows\Chakra\Chakra.vcxitems*{f7d32bd0-2749-483e-9a0d-1635ef7e3136}*SharedItemsImports = 4
		..\TodosFeed\node_modules\react-native-windows\JSI\Shared\JSI.Shared.vcxitems*{f7d32bd0-2749-483e-9a0d-1635ef7e3136}*SharedItemsImports = 4
		..\TodosFeed\node_modules\react-native-windows\Microsoft.ReactNative.Cxx\Microsoft.ReactNative.Cxx.vcxitems*{f7d32bd0-2749-483e-9a0d-1635ef7e3136}*SharedItemsImports = 4
		..\TodosFeed\node_modules\react-native-windows\Mso\Mso.vcxitems*{f7d32bd0-2749-483e-9a0d-1635ef7e3136}*SharedItemsImports = 4
		..\TodosFeed\node_modules\react-native-windows\Shared\Shared.vcxitems*{f7d32bd0-2749-483e-9a0d-1635ef7e3136}*SharedItemsImports = 4
	EndGlobalSection
	GlobalSection(SolutionConfigurationPlatforms) = preSolution
		Debug|Any CPU = Debug|Any CPU
		Debug|ARM = Debug|ARM
		Debug|ARM64 = Debug|ARM64
		Debug|x64 = Debug|x64
		Debug|x86 = Debug|x86
		Release|Any CPU = Release|Any CPU
		Release|ARM = Release|ARM
		Release|ARM64 = Release|ARM64
		Release|x64 = Release|x64
		Release|x86 = Release|x86
	EndGlobalSection
	GlobalSection(ProjectConfigurationPlatforms) = postSolution
		{515A0883-D2D9-4B97-8D73-EE6FE9BC3F2B}.Debug|Any CPU.ActiveCfg = Debug|Any CPU
		{515A0883-D2D9-4B97-8D73-EE6FE9BC3F2B}.Debug|Any CPU.Build.0 = Debug|Any CPU
		{515A0883-D2D9-4B97-8D73-EE6FE9BC3F2B}.Debug|ARM.ActiveCfg = Debug|Any CPU
		{515A0883-D2D9-4B97-8D73-EE6FE9BC3F2B}.Debug|ARM.Build.0 = Debug|Any CPU
		{515A0883-D2D9-4B97-8D73-EE6FE9BC3F2B}.Debug|ARM64.ActiveCfg = Debug|Any CPU
		{515A0883-D2D9-4B97-8D73-EE6FE9BC3F2B}.Debug|ARM64.Build.0 = Debug|Any CPU
		{515A0883-D2D9-4B97-8D73-EE6FE9BC3F2B}.Debug|x64.ActiveCfg = Debug|x64
		{515A0883-D2D9-4B97-8D73-EE6FE9BC3F2B}.Debug|x64.Build.0 = Debug|x64
		{515A0883-D2D9-4B97-8D73-EE6FE9BC3F2B}.Debug|x86.ActiveCfg = Debug|x86
		{515A0883-D2D9-4B97-8D73-EE6FE9BC3F2B}.Debug|x86.Build.0 = Debug|x86
		{515A0883-D2D9-4B97-8D73-EE6FE9BC3F2B}.Release|Any CPU.ActiveCfg = Release|Any CPU
		{515A0883-D2D9-4B97-8D73-EE6FE9BC3F2B}.Release|Any CPU.Build.0 = Release|Any CPU
		{515A0883-D2D9-4B97-8D73-EE6FE9BC3F2B}.Release|ARM.ActiveCfg = Release|Any CPU
		{515A0883-D2D9-4B97-8D73-EE6FE9BC3F2B}.Release|ARM.Build.0 = Release|Any CPU
		{515A0883-D2D9-4B97-8D73-EE6FE9BC3F2B}.Release|ARM64.ActiveCfg = Release|Any CPU
		{515A0883-D2D9-4B97-8D73-EE6FE9BC3F2B}.Release|ARM64.Build.0 = Release|Any CPU
		{515A0883-D2D9-4B97-8D73-EE6FE9BC3F2B}.Release|x64.ActiveCfg = Release|Any CPU
		{515A0883-D2D9-4B97-8D73-EE6FE9BC3F2B}.Release|x64.Build.0 = Release|Any CPU
		{515A0883-D2D9-4B97-8D73-EE6FE9BC3F2B}.Release|x86.ActiveCfg = Release|Any CPU
		{515A0883-D2D9-4B97-8D73-EE6FE9BC3F2B}.Release|x86.Build.0 = Release|Any CPU
		{9CEE6144-0377-4F95-AC2D-FDC599B82ED9}.Debug|Any CPU.ActiveCfg = Debug|Any CPU
		{9CEE6144-0377-4F95-AC2D-FDC599B82ED9}.Debug|Any CPU.Build.0 = Debug|Any CPU
		{9CEE6144-0377-4F95-AC2D-FDC599B82ED9}.Debug|ARM.ActiveCfg = Debug|Any CPU
		{9CEE6144-0377-4F95-AC2D-FDC599B82ED9}.Debug|ARM.Build.0 = Debug|Any CPU
		{9CEE6144-0377-4F95-AC2D-FDC599B82ED9}.Debug|ARM64.ActiveCfg = Debug|Any CPU
		{9CEE6144-0377-4F95-AC2D-FDC599B82ED9}.Debug|ARM64.Build.0 = Debug|Any CPU
		{9CEE6144-0377-4F95-AC2D-FDC599B82ED9}.Debug|x64.ActiveCfg = Debug|x64
		{9CEE6144-0377-4F95-AC2D-FDC599B82ED9}.Debug|x64.Build.0 = Debug|x64
		{9CEE6144-0377-4F95-AC2D-FDC599B82ED9}.Debug|x86.ActiveCfg = Debug|x86
		{9CEE6144-0377-4F95-AC2D-FDC599B82ED9}.Debug|x86.Build.0 = Debug|x86
		{9CEE6144-0377-4F95-AC2D-FDC599B82ED9}.Release|Any CPU.ActiveCfg = Release|Any CPU
		{9CEE6144-0377-4F95-AC2D-FDC599B82ED9}.Release|Any CPU.Build.0 = Release|Any CPU
		{9CEE6144-0377-4F95-AC2D-FDC599B82ED9}.Release|ARM.ActiveCfg = Release|Any CPU
		{9CEE6144-0377-4F95-AC2D-FDC599B82ED9}.Release|ARM.Build.0 = Release|Any CPU
		{9CEE6144-0377-4F95-AC2D-FDC599B82ED9}.Release|ARM64.ActiveCfg = Release|Any CPU
		{9CEE6144-0377-4F95-AC2D-FDC599B82ED9}.Release|ARM64.Build.0 = Release|Any CPU
		{9CEE6144-0377-4F95-AC2D-FDC599B82ED9}.Release|x64.ActiveCfg = Release|Any CPU
		{9CEE6144-0377-4F95-AC2D-FDC599B82ED9}.Release|x64.Build.0 = Release|Any CPU
		{9CEE6144-0377-4F95-AC2D-FDC599B82ED9}.Release|x86.ActiveCfg = Release|Any CPU
		{9CEE6144-0377-4F95-AC2D-FDC599B82ED9}.Release|x86.Build.0 = Release|Any CPU
		{88F4FCC9-4783-491E-BEF7-CA1C07DD18A8}.Debug|Any CPU.ActiveCfg = Debug|x86
		{88F4FCC9-4783-491E-BEF7-CA1C07DD18A8}.Debug|ARM.ActiveCfg = Debug|ARM
		{88F4FCC9-4783-491E-BEF7-CA1C07DD18A8}.Debug|ARM.Build.0 = Debug|ARM
		{88F4FCC9-4783-491E-BEF7-CA1C07DD18A8}.Debug|ARM.Deploy.0 = Debug|ARM
		{88F4FCC9-4783-491E-BEF7-CA1C07DD18A8}.Debug|ARM64.ActiveCfg = Debug|x86
		{88F4FCC9-4783-491E-BEF7-CA1C07DD18A8}.Debug|x64.ActiveCfg = Debug|x64
		{88F4FCC9-4783-491E-BEF7-CA1C07DD18A8}.Debug|x64.Build.0 = Debug|x64
		{88F4FCC9-4783-491E-BEF7-CA1C07DD18A8}.Debug|x64.Deploy.0 = Debug|x64
		{88F4FCC9-4783-491E-BEF7-CA1C07DD18A8}.Debug|x86.ActiveCfg = Debug|x86
		{88F4FCC9-4783-491E-BEF7-CA1C07DD18A8}.Debug|x86.Build.0 = Debug|x86
		{88F4FCC9-4783-491E-BEF7-CA1C07DD18A8}.Debug|x86.Deploy.0 = Debug|x86
		{88F4FCC9-4783-491E-BEF7-CA1C07DD18A8}.Release|Any CPU.ActiveCfg = Release|x86
		{88F4FCC9-4783-491E-BEF7-CA1C07DD18A8}.Release|ARM.ActiveCfg = Release|ARM
		{88F4FCC9-4783-491E-BEF7-CA1C07DD18A8}.Release|ARM.Build.0 = Release|ARM
		{88F4FCC9-4783-491E-BEF7-CA1C07DD18A8}.Release|ARM.Deploy.0 = Release|ARM
		{88F4FCC9-4783-491E-BEF7-CA1C07DD18A8}.Release|ARM64.ActiveCfg = Release|x86
		{88F4FCC9-4783-491E-BEF7-CA1C07DD18A8}.Release|x64.ActiveCfg = Release|x64
		{88F4FCC9-4783-491E-BEF7-CA1C07DD18A8}.Release|x64.Build.0 = Release|x64
		{88F4FCC9-4783-491E-BEF7-CA1C07DD18A8}.Release|x64.Deploy.0 = Release|x64
		{88F4FCC9-4783-491E-BEF7-CA1C07DD18A8}.Release|x86.ActiveCfg = Release|x86
		{88F4FCC9-4783-491E-BEF7-CA1C07DD18A8}.Release|x86.Build.0 = Release|x86
		{88F4FCC9-4783-491E-BEF7-CA1C07DD18A8}.Release|x86.Deploy.0 = Release|x86
		{6BE33799-9542-44D3-A034-F023F5B2CAD4}.Debug|Any CPU.ActiveCfg = Debug|Any CPU
		{6BE33799-9542-44D3-A034-F023F5B2CAD4}.Debug|Any CPU.Build.0 = Debug|Any CPU
		{6BE33799-9542-44D3-A034-F023F5B2CAD4}.Debug|ARM.ActiveCfg = Debug|ARM
		{6BE33799-9542-44D3-A034-F023F5B2CAD4}.Debug|ARM.Build.0 = Debug|ARM
		{6BE33799-9542-44D3-A034-F023F5B2CAD4}.Debug|ARM64.ActiveCfg = Debug|ARM64
		{6BE33799-9542-44D3-A034-F023F5B2CAD4}.Debug|ARM64.Build.0 = Debug|ARM64
		{6BE33799-9542-44D3-A034-F023F5B2CAD4}.Debug|x64.ActiveCfg = Debug|x64
		{6BE33799-9542-44D3-A034-F023F5B2CAD4}.Debug|x64.Build.0 = Debug|x64
		{6BE33799-9542-44D3-A034-F023F5B2CAD4}.Debug|x86.ActiveCfg = Debug|x86
		{6BE33799-9542-44D3-A034-F023F5B2CAD4}.Debug|x86.Build.0 = Debug|x86
		{6BE33799-9542-44D3-A034-F023F5B2CAD4}.Release|Any CPU.ActiveCfg = Release|Any CPU
		{6BE33799-9542-44D3-A034-F023F5B2CAD4}.Release|Any CPU.Build.0 = Release|Any CPU
		{6BE33799-9542-44D3-A034-F023F5B2CAD4}.Release|ARM.ActiveCfg = Release|ARM
		{6BE33799-9542-44D3-A034-F023F5B2CAD4}.Release|ARM.Build.0 = Release|ARM
		{6BE33799-9542-44D3-A034-F023F5B2CAD4}.Release|ARM64.ActiveCfg = Release|ARM64
		{6BE33799-9542-44D3-A034-F023F5B2CAD4}.Release|ARM64.Build.0 = Release|ARM64
		{6BE33799-9542-44D3-A034-F023F5B2CAD4}.Release|x64.ActiveCfg = Release|x64
		{6BE33799-9542-44D3-A034-F023F5B2CAD4}.Release|x64.Build.0 = Release|x64
		{6BE33799-9542-44D3-A034-F023F5B2CAD4}.Release|x86.ActiveCfg = Release|x86
		{6BE33799-9542-44D3-A034-F023F5B2CAD4}.Release|x86.Build.0 = Release|x86
		{A990658C-CE31-4BCC-976F-0FC6B1AF693D}.Debug|Any CPU.ActiveCfg = Debug|Win32
		{A990658C-CE31-4BCC-976F-0FC6B1AF693D}.Debug|ARM.ActiveCfg = Debug|ARM
		{A990658C-CE31-4BCC-976F-0FC6B1AF693D}.Debug|ARM.Build.0 = Debug|ARM
		{A990658C-CE31-4BCC-976F-0FC6B1AF693D}.Debug|ARM64.ActiveCfg = Debug|Win32
		{A990658C-CE31-4BCC-976F-0FC6B1AF693D}.Debug|x64.ActiveCfg = Debug|x64
		{A990658C-CE31-4BCC-976F-0FC6B1AF693D}.Debug|x64.Build.0 = Debug|x64
		{A990658C-CE31-4BCC-976F-0FC6B1AF693D}.Debug|x86.ActiveCfg = Debug|Win32
		{A990658C-CE31-4BCC-976F-0FC6B1AF693D}.Debug|x86.Build.0 = Debug|Win32
		{A990658C-CE31-4BCC-976F-0FC6B1AF693D}.Release|Any CPU.ActiveCfg = Release|Win32
		{A990658C-CE31-4BCC-976F-0FC6B1AF693D}.Release|ARM.ActiveCfg = Release|ARM
		{A990658C-CE31-4BCC-976F-0FC6B1AF693D}.Release|ARM.Build.0 = Release|ARM
		{A990658C-CE31-4BCC-976F-0FC6B1AF693D}.Release|ARM64.ActiveCfg = Release|Win32
		{A990658C-CE31-4BCC-976F-0FC6B1AF693D}.Release|x64.ActiveCfg = Release|x64
		{A990658C-CE31-4BCC-976F-0FC6B1AF693D}.Release|x64.Build.0 = Release|x64
		{A990658C-CE31-4BCC-976F-0FC6B1AF693D}.Release|x86.ActiveCfg = Release|Win32
		{A990658C-CE31-4BCC-976F-0FC6B1AF693D}.Release|x86.Build.0 = Release|Win32
		{A9D95A91-4DB7-4F72-BEB6-FE8A5C89BFBD}.Debug|Any CPU.ActiveCfg = Debug|Win32
		{A9D95A91-4DB7-4F72-BEB6-FE8A5C89BFBD}.Debug|ARM.ActiveCfg = Debug|ARM
		{A9D95A91-4DB7-4F72-BEB6-FE8A5C89BFBD}.Debug|ARM.Build.0 = Debug|ARM
		{A9D95A91-4DB7-4F72-BEB6-FE8A5C89BFBD}.Debug|ARM64.ActiveCfg = Debug|Win32
		{A9D95A91-4DB7-4F72-BEB6-FE8A5C89BFBD}.Debug|x64.ActiveCfg = Debug|x64
		{A9D95A91-4DB7-4F72-BEB6-FE8A5C89BFBD}.Debug|x64.Build.0 = Debug|x64
		{A9D95A91-4DB7-4F72-BEB6-FE8A5C89BFBD}.Debug|x86.ActiveCfg = Debug|Win32
		{A9D95A91-4DB7-4F72-BEB6-FE8A5C89BFBD}.Debug|x86.Build.0 = Debug|Win32
		{A9D95A91-4DB7-4F72-BEB6-FE8A5C89BFBD}.Release|Any CPU.ActiveCfg = Release|Win32
		{A9D95A91-4DB7-4F72-BEB6-FE8A5C89BFBD}.Release|ARM.ActiveCfg = Release|ARM
		{A9D95A91-4DB7-4F72-BEB6-FE8A5C89BFBD}.Release|ARM.Build.0 = Release|ARM
		{A9D95A91-4DB7-4F72-BEB6-FE8A5C89BFBD}.Release|ARM64.ActiveCfg = Release|Win32
		{A9D95A91-4DB7-4F72-BEB6-FE8A5C89BFBD}.Release|x64.ActiveCfg = Release|x64
		{A9D95A91-4DB7-4F72-BEB6-FE8A5C89BFBD}.Release|x64.Build.0 = Release|x64
		{A9D95A91-4DB7-4F72-BEB6-FE8A5C89BFBD}.Release|x86.ActiveCfg = Release|Win32
		{A9D95A91-4DB7-4F72-BEB6-FE8A5C89BFBD}.Release|x86.Build.0 = Release|Win32
		{11C084A3-A57C-4296-A679-CAC17B603144}.Debug|Any CPU.ActiveCfg = Debug|Win32
		{11C084A3-A57C-4296-A679-CAC17B603144}.Debug|ARM.ActiveCfg = Debug|ARM
		{11C084A3-A57C-4296-A679-CAC17B603144}.Debug|ARM.Build.0 = Debug|ARM
		{11C084A3-A57C-4296-A679-CAC17B603144}.Debug|ARM64.ActiveCfg = Debug|Win32
		{11C084A3-A57C-4296-A679-CAC17B603144}.Debug|x64.ActiveCfg = Debug|x64
		{11C084A3-A57C-4296-A679-CAC17B603144}.Debug|x64.Build.0 = Debug|x64
		{11C084A3-A57C-4296-A679-CAC17B603144}.Debug|x86.ActiveCfg = Debug|Win32
		{11C084A3-A57C-4296-A679-CAC17B603144}.Debug|x86.Build.0 = Debug|Win32
		{11C084A3-A57C-4296-A679-CAC17B603144}.Release|Any CPU.ActiveCfg = Release|Win32
		{11C084A3-A57C-4296-A679-CAC17B603144}.Release|ARM.ActiveCfg = Release|ARM
		{11C084A3-A57C-4296-A679-CAC17B603144}.Release|ARM.Build.0 = Release|ARM
		{11C084A3-A57C-4296-A679-CAC17B603144}.Release|ARM64.ActiveCfg = Release|Win32
		{11C084A3-A57C-4296-A679-CAC17B603144}.Release|x64.ActiveCfg = Release|x64
		{11C084A3-A57C-4296-A679-CAC17B603144}.Release|x64.Build.0 = Release|x64
		{11C084A3-A57C-4296-A679-CAC17B603144}.Release|x86.ActiveCfg = Release|Win32
		{11C084A3-A57C-4296-A679-CAC17B603144}.Release|x86.Build.0 = Release|Win32
		{FCA38F3C-7C73-4C47-BE4E-32F77FA8538D}.Debug|Any CPU.ActiveCfg = Debug|Win32
		{FCA38F3C-7C73-4C47-BE4E-32F77FA8538D}.Debug|ARM.ActiveCfg = Debug|ARM
		{FCA38F3C-7C73-4C47-BE4E-32F77FA8538D}.Debug|ARM.Build.0 = Debug|ARM
		{FCA38F3C-7C73-4C47-BE4E-32F77FA8538D}.Debug|ARM64.ActiveCfg = Debug|ARM64
		{FCA38F3C-7C73-4C47-BE4E-32F77FA8538D}.Debug|ARM64.Build.0 = Debug|ARM64
		{FCA38F3C-7C73-4C47-BE4E-32F77FA8538D}.Debug|x64.ActiveCfg = Debug|x64
		{FCA38F3C-7C73-4C47-BE4E-32F77FA8538D}.Debug|x64.Build.0 = Debug|x64
		{FCA38F3C-7C73-4C47-BE4E-32F77FA8538D}.Debug|x86.ActiveCfg = Debug|Win32
		{FCA38F3C-7C73-4C47-BE4E-32F77FA8538D}.Debug|x86.Build.0 = Debug|Win32
		{FCA38F3C-7C73-4C47-BE4E-32F77FA8538D}.Release|Any CPU.ActiveCfg = Release|Win32
		{FCA38F3C-7C73-4C47-BE4E-32F77FA8538D}.Release|ARM.ActiveCfg = Release|ARM
		{FCA38F3C-7C73-4C47-BE4E-32F77FA8538D}.Release|ARM.Build.0 = Release|ARM
		{FCA38F3C-7C73-4C47-BE4E-32F77FA8538D}.Release|ARM64.ActiveCfg = Release|ARM64
		{FCA38F3C-7C73-4C47-BE4E-32F77FA8538D}.Release|ARM64.Build.0 = Release|ARM64
		{FCA38F3C-7C73-4C47-BE4E-32F77FA8538D}.Release|x64.ActiveCfg = Release|x64
		{FCA38F3C-7C73-4C47-BE4E-32F77FA8538D}.Release|x64.Build.0 = Release|x64
		{FCA38F3C-7C73-4C47-BE4E-32F77FA8538D}.Release|x86.ActiveCfg = Release|Win32
		{FCA38F3C-7C73-4C47-BE4E-32F77FA8538D}.Release|x86.Build.0 = Release|Win32
		{A62D504A-16B8-41D2-9F19-E2E86019E5E4}.Debug|Any CPU.ActiveCfg = Debug|Win32
		{A62D504A-16B8-41D2-9F19-E2E86019E5E4}.Debug|ARM.ActiveCfg = Debug|ARM
		{A62D504A-16B8-41D2-9F19-E2E86019E5E4}.Debug|ARM.Build.0 = Debug|ARM
		{A62D504A-16B8-41D2-9F19-E2E86019E5E4}.Debug|ARM64.ActiveCfg = Debug|ARM64
		{A62D504A-16B8-41D2-9F19-E2E86019E5E4}.Debug|ARM64.Build.0 = Debug|ARM64
		{A62D504A-16B8-41D2-9F19-E2E86019E5E4}.Debug|x64.ActiveCfg = Debug|x64
		{A62D504A-16B8-41D2-9F19-E2E86019E5E4}.Debug|x64.Build.0 = Debug|x64
		{A62D504A-16B8-41D2-9F19-E2E86019E5E4}.Debug|x86.ActiveCfg = Debug|Win32
		{A62D504A-16B8-41D2-9F19-E2E86019E5E4}.Debug|x86.Build.0 = Debug|Win32
		{A62D504A-16B8-41D2-9F19-E2E86019E5E4}.Release|Any CPU.ActiveCfg = Release|Win32
		{A62D504A-16B8-41D2-9F19-E2E86019E5E4}.Release|ARM.ActiveCfg = Release|ARM
		{A62D504A-16B8-41D2-9F19-E2E86019E5E4}.Release|ARM.Build.0 = Release|ARM
		{A62D504A-16B8-41D2-9F19-E2E86019E5E4}.Release|ARM64.ActiveCfg = Release|ARM64
		{A62D504A-16B8-41D2-9F19-E2E86019E5E4}.Release|ARM64.Build.0 = Release|ARM64
		{A62D504A-16B8-41D2-9F19-E2E86019E5E4}.Release|x64.ActiveCfg = Release|x64
		{A62D504A-16B8-41D2-9F19-E2E86019E5E4}.Release|x64.Build.0 = Release|x64
		{A62D504A-16B8-41D2-9F19-E2E86019E5E4}.Release|x86.ActiveCfg = Release|Win32
		{A62D504A-16B8-41D2-9F19-E2E86019E5E4}.Release|x86.Build.0 = Release|Win32
		{F7D32BD0-2749-483E-9A0D-1635EF7E3136}.Debug|Any CPU.ActiveCfg = Debug|Win32
		{F7D32BD0-2749-483E-9A0D-1635EF7E3136}.Debug|ARM.ActiveCfg = Debug|ARM
		{F7D32BD0-2749-483E-9A0D-1635EF7E3136}.Debug|ARM.Build.0 = Debug|ARM
		{F7D32BD0-2749-483E-9A0D-1635EF7E3136}.Debug|ARM64.ActiveCfg = Debug|ARM64
		{F7D32BD0-2749-483E-9A0D-1635EF7E3136}.Debug|ARM64.Build.0 = Debug|ARM64
		{F7D32BD0-2749-483E-9A0D-1635EF7E3136}.Debug|x64.ActiveCfg = Debug|x64
		{F7D32BD0-2749-483E-9A0D-1635EF7E3136}.Debug|x64.Build.0 = Debug|x64
		{F7D32BD0-2749-483E-9A0D-1635EF7E3136}.Debug|x86.ActiveCfg = Debug|Win32
		{F7D32BD0-2749-483E-9A0D-1635EF7E3136}.Debug|x86.Build.0 = Debug|Win32
		{F7D32BD0-2749-483E-9A0D-1635EF7E3136}.Release|Any CPU.ActiveCfg = Release|Win32
		{F7D32BD0-2749-483E-9A0D-1635EF7E3136}.Release|ARM.ActiveCfg = Release|ARM
		{F7D32BD0-2749-483E-9A0D-1635EF7E3136}.Release|ARM.Build.0 = Release|ARM
		{F7D32BD0-2749-483E-9A0D-1635EF7E3136}.Release|ARM64.ActiveCfg = Release|ARM64
		{F7D32BD0-2749-483E-9A0D-1635EF7E3136}.Release|ARM64.Build.0 = Release|ARM64
		{F7D32BD0-2749-483E-9A0D-1635EF7E3136}.Release|x64.ActiveCfg = Release|x64
		{F7D32BD0-2749-483E-9A0D-1635EF7E3136}.Release|x64.Build.0 = Release|x64
		{F7D32BD0-2749-483E-9A0D-1635EF7E3136}.Release|x86.ActiveCfg = Release|Win32
		{F7D32BD0-2749-483E-9A0D-1635EF7E3136}.Release|x86.Build.0 = Release|Win32
	EndGlobalSection
	GlobalSection(SolutionProperties) = preSolution
		HideSolutionNode = FALSE
	EndGlobalSection
	GlobalSection(NestedProjects) = preSolution
		{515A0883-D2D9-4B97-8D73-EE6FE9BC3F2B} = {5AC38810-8837-4093-8578-7D91C8AB922E}
		{9CEE6144-0377-4F95-AC2D-FDC599B82ED9} = {5AC38810-8837-4093-8578-7D91C8AB922E}
		{6BE33799-9542-44D3-A034-F023F5B2CAD4} = {B147C075-00C0-403A-8575-7BF3E12EA51D}
		{A990658C-CE31-4BCC-976F-0FC6B1AF693D} = {B147C075-00C0-403A-8575-7BF3E12EA51D}
		{A9D95A91-4DB7-4F72-BEB6-FE8A5C89BFBD} = {B147C075-00C0-403A-8575-7BF3E12EA51D}
		{11C084A3-A57C-4296-A679-CAC17B603144} = {B147C075-00C0-403A-8575-7BF3E12EA51D}
		{FCA38F3C-7C73-4C47-BE4E-32F77FA8538D} = {B147C075-00C0-403A-8575-7BF3E12EA51D}
		{A62D504A-16B8-41D2-9F19-E2E86019E5E4} = {B147C075-00C0-403A-8575-7BF3E12EA51D}
		{F7D32BD0-2749-483E-9A0D-1635EF7E3136} = {B147C075-00C0-403A-8575-7BF3E12EA51D}
		{C38970C0-5FBF-4D69-90D8-CBAC225AE895} = {B147C075-00C0-403A-8575-7BF3E12EA51D}
		{0CC28589-39E4-4288-B162-97B959F8B843} = {B147C075-00C0-403A-8575-7BF3E12EA51D}
		{DA8B35B3-DA00-4B02-BDE6-6A397B3FD46B} = {B147C075-00C0-403A-8575-7BF3E12EA51D}
		{67A1076F-7790-4203-86EA-4402CCB5E782} = {B147C075-00C0-403A-8575-7BF3E12EA51D}
		{84E05BFA-CBAF-4F0D-BFB6-4CE85742A57E} = {B147C075-00C0-403A-8575-7BF3E12EA51D}
		{2049DBE9-8D13-42C9-AE4B-413AE38FFFD0} = {B147C075-00C0-403A-8575-7BF3E12EA51D}
	EndGlobalSection
	GlobalSection(ExtensibilityGlobals) = postSolution
		SolutionGuid = {FD3F8CAA-A45D-4315-B28E-E0F80BBE61B2}
	EndGlobalSection
EndGlobal
