
Microsoft Visual Studio Solution File, Format Version 12.00
# Visual Studio Version 17
VisualStudioVersion = 17.3.32929.385
MinimumVisualStudioVersion = 10.0.40219.1
Project("{C7167F0D-BC9F-4E6E-AFE1-012C56B48DB5}") = "CalculatorFabric.Package", "CalculatorFabric.Package\CalculatorFabric.Package.wapproj", "{CAECBE7E-28CB-4CBA-BFB3-47A6C3C72325}"
EndProject
Project("{8BC9CEB8-8B4A-11D0-8D11-00A0C91BC942}") = "CalculatorFabric", "CalculatorFabric\CalculatorFabric.vcxproj", "{997966A1-2AF1-4688-A954-5E47DC76FA72}"
EndProject
Global
	GlobalSection(SolutionConfigurationPlatforms) = preSolution
		Debug|x64 = Debug|x64
		Debug|x86 = Debug|x86
		Debug|ARM64 = Debug|ARM64
		Release|x64 = Release|x64
		Release|x86 = Release|x86
		Release|ARM64 = Release|ARM64
	EndGlobalSection
	GlobalSection(ProjectConfigurationPlatforms) = postSolution
		{CAECBE7E-28CB-4CBA-BFB3-47A6C3C72325}.Debug|x64.ActiveCfg = Debug|x64
		{CAECBE7E-28CB-4CBA-BFB3-47A6C3C72325}.Debug|x64.Build.0 = Debug|x64
		{CAECBE7E-28CB-4CBA-BFB3-47A6C3C72325}.Debug|x64.Deploy.0 = Debug|x64
		{CAECBE7E-28CB-4CBA-BFB3-47A6C3C72325}.Debug|x86.ActiveCfg = Debug|x86
		{CAECBE7E-28CB-4CBA-BFB3-47A6C3C72325}.Debug|x86.Build.0 = Debug|x86
		{CAECBE7E-28CB-4CBA-BFB3-47A6C3C72325}.Debug|x86.Deploy.0 = Debug|x86
		{CAECBE7E-28CB-4CBA-BFB3-47A6C3C72325}.Debug|ARM64.ActiveCfg = Debug|ARM64
		{CAECBE7E-28CB-4CBA-BFB3-47A6C3C72325}.Debug|ARM64.Build.0 = Debug|ARM64
		{CAECBE7E-28CB-4CBA-BFB3-47A6C3C72325}.Debug|ARM64.Deploy.0 = Debug|ARM64
		{CAECBE7E-28CB-4CBA-BFB3-47A6C3C72325}.Release|x64.ActiveCfg = Release|x64
		{CAECBE7E-28CB-4CBA-BFB3-47A6C3C72325}.Release|x64.Build.0 = Release|x64
		{CAECBE7E-28CB-4CBA-BFB3-47A6C3C72325}.Release|x64.Deploy.0 = Release|x64
		{CAECBE7E-28CB-4CBA-BFB3-47A6C3C72325}.Release|x86.ActiveCfg = Release|x86
		{CAECBE7E-28CB-4CBA-BFB3-47A6C3C72325}.Release|x86.Build.0 = Release|x86
		{CAECBE7E-28CB-4CBA-BFB3-47A6C3C72325}.Release|x86.Deploy.0 = Release|x86
		{CAECBE7E-28CB-4CBA-BFB3-47A6C3C72325}.Release|ARM64.ActiveCfg = Release|ARM64
		{CAECBE7E-28CB-4CBA-BFB3-47A6C3C72325}.Release|ARM64.Build.0 = Release|ARM64
		{CAECBE7E-28CB-4CBA-BFB3-47A6C3C72325}.Release|ARM64.Deploy.0 = Release|ARM64
		{997966A1-2AF1-4688-A954-5E47DC76FA72}.Debug|x64.ActiveCfg = Debug|x64
		{997966A1-2AF1-4688-A954-5E47DC76FA72}.Debug|x64.Build.0 = Debug|x64
		{997966A1-2AF1-4688-A954-5E47DC76FA72}.Debug|x64.Deploy.0 = Debug|x64
		{997966A1-2AF1-4688-A954-5E47DC76FA72}.Debug|x86.ActiveCfg = Debug|Win32
		{997966A1-2AF1-4688-A954-5E47DC76FA72}.Debug|x86.Build.0 = Debug|Win32
		{997966A1-2AF1-4688-A954-5E47DC76FA72}.Debug|x86.Deploy.0 = Debug|Win32
		{997966A1-2AF1-4688-A954-5E47DC76FA72}.Debug|ARM64.ActiveCfg = Debug|ARM64
		{997966A1-2AF1-4688-A954-5E47DC76FA72}.Debug|ARM64.Build.0 = Debug|ARM64
		{997966A1-2AF1-4688-A954-5E47DC76FA72}.Debug|ARM64.Deploy.0 = Debug|ARM64
		{997966A1-2AF1-4688-A954-5E47DC76FA72}.Release|x64.ActiveCfg = Release|x64
		{997966A1-2AF1-4688-A954-5E47DC76FA72}.Release|x64.Build.0 = Release|x64
		{997966A1-2AF1-4688-A954-5E47DC76FA72}.Release|x64.Deploy.0 = Release|x64
		{997966A1-2AF1-4688-A954-5E47DC76FA72}.Release|x86.ActiveCfg = Release|Win32
		{997966A1-2AF1-4688-A954-5E47DC76FA72}.Release|x86.Build.0 = Release|Win32
		{997966A1-2AF1-4688-A954-5E47DC76FA72}.Release|x86.Deploy.0 = Release|Win32
		{997966A1-2AF1-4688-A954-5E47DC76FA72}.Release|ARM64.ActiveCfg = Release|ARM64
		{997966A1-2AF1-4688-A954-5E47DC76FA72}.Release|ARM64.Build.0 = Release|ARM64
		{997966A1-2AF1-4688-A954-5E47DC76FA72}.Release|ARM64.Deploy.0 = Release|ARM64
	EndGlobalSection
	GlobalSection(SolutionProperties) = preSolution
		HideSolutionNode = FALSE
	EndGlobalSection
	GlobalSection(ExtensibilityGlobals) = postSolution
		SolutionGuid = {D43FAD39-F619-437D-BB40-04A3982ACB6A}
	EndGlobalSection
EndGlobal
